# This file is automatically @generated by Cargo.
# It is not intended for manual editing.
version = 4

[[package]]
name = "ast"
version = "0.1.0"
dependencies = [
 "lexer",
]

[[package]]
name = "compiler"
version = "0.1.0"
dependencies = [
 "ast",
 "interpreter",
 "lexer",
 "parser",
]

[[package]]
name = "delay_init"
version = "0.2.0"
source = "git+https://github.com/saulvaldelvira/delay-init.git#3950a001ca3d20104ac94d00b77b2a4f2ed79d02"

[[package]]
name = "interpreter"
version = "0.1.0"
dependencies = [
 "ast",
]

[[package]]
name = "lexer"
version = "0.1.0"
dependencies = [
 "delay_init",
]

[[package]]
name = "parser"
version = "0.1.0"
dependencies = [
 "ast",
 "lexer",
]
